
Microsoft Visual Studio Solution File, Format Version 12.00
# Visual Studio 15
VisualStudioVersion = 15.0.28010.2048
MinimumVisualStudioVersion = 10.0.40219.1
Project("{FAE04EC0-301F-11D3-BF4B-00C04F79EFBC}") = "TodoApi", "TodoApi\TodoApi.csproj", "{A73A94C3-0D3B-4EE4-9D82-1032C869577A}"
EndProject
Global
	GlobalSection(SolutionConfigurationPlatforms) = preSolution
		Debug|Any CPU = Debug|Any CPU
		Release|Any CPU = Release|Any CPU
	EndGlobalSection
	GlobalSection(ProjectConfigurationPlatforms) = postSolution
		{A73A94C3-0D3B-4EE4-9D82-1032C869577A}.Debug|Any CPU.ActiveCfg = Debug|Any CPU
		{A73A94C3-0D3B-4EE4-9D82-1032C869577A}.Debug|Any CPU.Build.0 = Debug|Any CPU
		{A73A94C3-0D3B-4EE4-9D82-1032C869577A}.Release|Any CPU.ActiveCfg = Release|Any CPU
		{A73A94C3-0D3B-4EE4-9D82-1032C869577A}.Release|Any CPU.Build.0 = Release|Any CPU
	EndGlobalSection
	GlobalSection(SolutionProperties) = preSolution
		HideSolutionNode = FALSE
	EndGlobalSection
	GlobalSection(ExtensibilityGlobals) = postSolution
		SolutionGuid = {B0744D24-C813-45FC-A093-FDD3A3686706}
	EndGlobalSection
EndGlobal
