
Microsoft Visual Studio Solution File, Format Version 12.00
# Visual Studio 15
VisualStudioVersion = 15.0.27004.2002
MinimumVisualStudioVersion = 10.0.40219.1
Project("{FAE04EC0-301F-11D3-BF4B-00C04F79EFBC}") = "CircleArea", "CircleArea\CircleArea.csproj", "{5E7EA284-3B02-4FDA-9635-3ECCD863B977}"
EndProject
Project("{FAE04EC0-301F-11D3-BF4B-00C04F79EFBC}") = "Calculator", "Calculator\Calculator.csproj", "{0BAD6AF6-311D-4EDC-9C0E-36A4A1A03033}"
EndProject
Project("{FAE04EC0-301F-11D3-BF4B-00C04F79EFBC}") = "PiggyBank", "PiggyBank\PiggyBank.csproj", "{6DE62196-6D8B-426F-A6AC-CD850869AA16}"
EndProject
Project("{FAE04EC0-301F-11D3-BF4B-00C04F79EFBC}") = "AverageNumber", "AverageNumber\AverageNumber.csproj", "{DD94DF73-B99C-479D-8BE8-2AECCA6C603E}"
EndProject
Global
	GlobalSection(SolutionConfigurationPlatforms) = preSolution
		Debug|Any CPU = Debug|Any CPU
		Release|Any CPU = Release|Any CPU
	EndGlobalSection
	GlobalSection(ProjectConfigurationPlatforms) = postSolution
		{5E7EA284-3B02-4FDA-9635-3ECCD863B977}.Debug|Any CPU.ActiveCfg = Debug|Any CPU
		{5E7EA284-3B02-4FDA-9635-3ECCD863B977}.Debug|Any CPU.Build.0 = Debug|Any CPU
		{5E7EA284-3B02-4FDA-9635-3ECCD863B977}.Release|Any CPU.ActiveCfg = Release|Any CPU
		{5E7EA284-3B02-4FDA-9635-3ECCD863B977}.Release|Any CPU.Build.0 = Release|Any CPU
		{0BAD6AF6-311D-4EDC-9C0E-36A4A1A03033}.Debug|Any CPU.ActiveCfg = Debug|Any CPU
		{0BAD6AF6-311D-4EDC-9C0E-36A4A1A03033}.Debug|Any CPU.Build.0 = Debug|Any CPU
		{0BAD6AF6-311D-4EDC-9C0E-36A4A1A03033}.Release|Any CPU.ActiveCfg = Release|Any CPU
		{0BAD6AF6-311D-4EDC-9C0E-36A4A1A03033}.Release|Any CPU.Build.0 = Release|Any CPU
		{6DE62196-6D8B-426F-A6AC-CD850869AA16}.Debug|Any CPU.ActiveCfg = Debug|Any CPU
		{6DE62196-6D8B-426F-A6AC-CD850869AA16}.Debug|Any CPU.Build.0 = Debug|Any CPU
		{6DE62196-6D8B-426F-A6AC-CD850869AA16}.Release|Any CPU.ActiveCfg = Release|Any CPU
		{6DE62196-6D8B-426F-A6AC-CD850869AA16}.Release|Any CPU.Build.0 = Release|Any CPU
		{DD94DF73-B99C-479D-8BE8-2AECCA6C603E}.Debug|Any CPU.ActiveCfg = Debug|Any CPU
		{DD94DF73-B99C-479D-8BE8-2AECCA6C603E}.Debug|Any CPU.Build.0 = Debug|Any CPU
		{DD94DF73-B99C-479D-8BE8-2AECCA6C603E}.Release|Any CPU.ActiveCfg = Release|Any CPU
		{DD94DF73-B99C-479D-8BE8-2AECCA6C603E}.Release|Any CPU.Build.0 = Release|Any CPU
	EndGlobalSection
	GlobalSection(SolutionProperties) = preSolution
		HideSolutionNode = FALSE
	EndGlobalSection
	GlobalSection(ExtensibilityGlobals) = postSolution
		SolutionGuid = {4495E0EB-97C9-4C2A-A1DB-657DA2365FA2}
	EndGlobalSection
EndGlobal
